
Microsoft Visual Studio Solution File, Format Version 11.00
# Visual Studio 2010
Project("{FAE04EC0-301F-11D3-BF4B-00C04F79EFBC}") = "EmoteParser", "EmoteParser.csproj", "{92A877AE-4B11-418B-9C9C-A29FC54F7BEA}"
EndProject
Global
	GlobalSection(SolutionConfigurationPlatforms) = preSolution
		Debug|x86 = Debug|x86
		Release|x86 = Release|x86
	EndGlobalSection
	GlobalSection(ProjectConfigurationPlatforms) = postSolution
		{92A877AE-4B11-418B-9C9C-A29FC54F7BEA}.Debug|x86.ActiveCfg = Debug|x86
		{92A877AE-4B11-418B-9C9C-A29FC54F7BEA}.Debug|x86.Build.0 = Debug|x86
		{92A877AE-4B11-418B-9C9C-A29FC54F7BEA}.Release|x86.ActiveCfg = Release|x86
		{92A877AE-4B11-418B-9C9C-A29FC54F7BEA}.Release|x86.Build.0 = Release|x86
	EndGlobalSection
	GlobalSection(SolutionProperties) = preSolution
		HideSolutionNode = FALSE
	EndGlobalSection
EndGlobal
